<?xml version="1.0" encoding="utf-8"?>
<Project ToolsVersion="4.0" xmlns="http://schemas.microsoft.com/developer/msbuild/2003">
  <ItemGroup>
    <Filter Include="Window">
      <UniqueIdentifier>{4a60843f-9108-4aba-8e51-621f53b99f1a}</UniqueIdentifier>
    </Filter>
    <Filter Include="PrecompiledHeader">
      <UniqueIdentifier>{4FC737F1-C7A5-4376-A066-2A32D752A2FF}</UniqueIdentifier>
      <Extensions>cpp;c;cc;cxx;def;odl;idl;hpj;bat;asm;asmx</Extensions>
    </Filter>
    <Filter Include="Errors">
      <UniqueIdentifier>{0b68c195-fae5-4315-806f-5ef4c0275820}</UniqueIdentifier>
    </Filter>
    <Filter Include="Globals">
      <UniqueIdentifier>{35e4cf00-b80d-4d99-9d7a-065627967f9e}</UniqueIdentifier>
    </Filter>
    <Filter Include="Application">
      <UniqueIdentifier>{4023b734-4714-44f6-9181-ac43136788ac}</UniqueIdentifier>
    </Filter>
    <Filter Include="ServiceProvider">
      <UniqueIdentifier>{f11ea47b-9d92-46ac-a78e-14f369efa041}</UniqueIdentifier>
    </Filter>
    <Filter Include="GameClasses">
      <UniqueIdentifier>{28670061-f242-4ed8-897b-15c85c416bcd}</UniqueIdentifier>
    </Filter>
    <Filter Include="GameClasses\Management">
      <UniqueIdentifier>{acad770d-1829-4928-bd8d-e1ba27bd5952}</UniqueIdentifier>
    </Filter>
    <Filter Include="GameClasses\Management\Config">
      <UniqueIdentifier>{c089988e-65ab-49c8-b8a5-ee9fffbb27e1}</UniqueIdentifier>
    </Filter>
    <Filter Include="GameClasses\Visualization">
      <UniqueIdentifier>{7f2ea25f-3f59-4dcc-b4ab-309df40ce682}</UniqueIdentifier>
    </Filter>
    <Filter Include="GameClasses\Input">
      <UniqueIdentifier>{3adecb2a-72ce-4687-b63d-78725a247ff0}</UniqueIdentifier>
    </Filter>
    <Filter Include="GameClasses\GameLogic">
      <UniqueIdentifier>{67aafce3-9804-4e6b-b5d7-734613b178b7}</UniqueIdentifier>
    </Filter>
  </ItemGroup>
  <ItemGroup>
    <None Include="ReadMe.txt" />
  </ItemGroup>
  <ItemGroup>
    <ClInclude Include="Window.h">
      <Filter>Window</Filter>
    </ClInclude>
    <ClInclude Include="stdafx.h">
      <Filter>PrecompiledHeader</Filter>
    </ClInclude>
    <ClInclude Include="targetver.h">
      <Filter>PrecompiledHeader</Filter>
    </ClInclude>
    <ClInclude Include="GameError.h">
      <Filter>Errors</Filter>
    </ClInclude>
    <ClInclude Include="Globals.h">
      <Filter>Globals</Filter>
    </ClInclude>
    <ClInclude Include="Application.h">
      <Filter>Application</Filter>
    </ClInclude>
    <ClInclude Include="BlackJackApp.h">
      <Filter>Application</Filter>
    </ClInclude>
    <ClInclude Include="ServiceProvider.h">
      <Filter>ServiceProvider</Filter>
    </ClInclude>
    <ClInclude Include="GameManager.h">
      <Filter>GameClasses\Management</Filter>
    </ClInclude>
    <ClInclude Include="DealerConfiguration.h">
      <Filter>GameClasses\Management\Config</Filter>
    </ClInclude>
    <ClInclude Include="GameConfiguration.h">
      <Filter>GameClasses\Management\Config</Filter>
    </ClInclude>
    <ClInclude Include="PlayerConfiguration.h">
      <Filter>GameClasses\Management\Config</Filter>
    </ClInclude>
    <ClInclude Include="TaskManager.h">
      <Filter>GameClasses\Management</Filter>
    </ClInclude>
    <ClInclude Include="GameVisualizer.h">
      <Filter>GameClasses\Visualization</Filter>
    </ClInclude>
    <ClInclude Include="Card.h">
      <Filter>GameClasses\GameLogic</Filter>
    </ClInclude>
    <ClInclude Include="Deck.h">
      <Filter>GameClasses\GameLogic</Filter>
    </ClInclude>
    <ClInclude Include="Dealer.h">
      <Filter>GameClasses\GameLogic</Filter>
    </ClInclude>
    <ClInclude Include="Hand.h">
      <Filter>GameClasses\GameLogic</Filter>
    </ClInclude>
    <ClInclude Include="Player.h">
      <Filter>GameClasses\GameLogic</Filter>
    </ClInclude>
    <ClInclude Include="UserPlayer.h">
      <Filter>GameClasses\GameLogic</Filter>
    </ClInclude>
    <ClInclude Include="AIPlayer.h">
      <Filter>GameClasses\GameLogic</Filter>
    </ClInclude>
    <ClInclude Include="DealerAI.h">
      <Filter>GameClasses\GameLogic</Filter>
    </ClInclude>
    <ClInclude Include="GameInput.h">
      <Filter>GameClasses\Input</Filter>
    </ClInclude>
    <ClInclude Include="Visualization.h">
      <Filter>GameClasses\Visualization</Filter>
    </ClInclude>
    <ClInclude Include="DynamicImage.h">
      <Filter>GameClasses\Visualization</Filter>
    </ClInclude>
    <ClInclude Include="CardVisual.h">
      <Filter>GameClasses\Visualization</Filter>
    </ClInclude>
    <ClInclude Include="HandVisual.h">
      <Filter>GameClasses\Visualization</Filter>
    </ClInclude>
    <ClInclude Include="Transform.h">
      <Filter>GameClasses\Visualization</Filter>
    </ClInclude>
    <ClInclude Include="PlayerVisual.h">
      <Filter>GameClasses\Visualization</Filter>
    </ClInclude>
    <ClInclude Include="GameBoardVisual.h">
      <Filter>GameClasses\Visualization</Filter>
    </ClInclude>
    <ClInclude Include="DealerVisual.h">
      <Filter>GameClasses\Visualization</Filter>
    </ClInclude>
    <ClInclude Include="PlayerPrompt.h">
      <Filter>GameClasses\Visualization</Filter>
    </ClInclude>
    <ClInclude Include="PlayerHUD.h">
      <Filter>GameClasses\Visualization</Filter>
    </ClInclude>
    <ClInclude Include="GameVisualizerInputStructs.h">
      <Filter>GameClasses\Visualization</Filter>
    </ClInclude>
  </ItemGroup>
  <ItemGroup>
    <ClCompile Include="stdafx.cpp">
      <Filter>PrecompiledHeader</Filter>
    </ClCompile>
    <ClCompile Include="Window.cpp">
      <Filter>Window</Filter>
    </ClCompile>
    <ClCompile Include="Application.cpp">
      <Filter>Application</Filter>
    </ClCompile>
    <ClCompile Include="Globals.cpp">
      <Filter>Globals</Filter>
    </ClCompile>
    <ClCompile Include="BlackJackApp.cpp">
      <Filter>Application</Filter>
    </ClCompile>
    <ClCompile Include="ServiceProvider.cpp">
      <Filter>ServiceProvider</Filter>
    </ClCompile>
    <ClCompile Include="GameManager.cpp">
      <Filter>GameClasses\Management</Filter>
    </ClCompile>
    <ClCompile Include="TaskManager.cpp">
      <Filter>GameClasses\Management</Filter>
    </ClCompile>
    <ClCompile Include="GameVisualizer.cpp">
      <Filter>GameClasses\Visualization</Filter>
    </ClCompile>
    <ClCompile Include="DealerAI.cpp">
      <Filter>GameClasses\GameLogic</Filter>
    </ClCompile>
    <ClCompile Include="Dealer.cpp">
      <Filter>GameClasses\GameLogic</Filter>
    </ClCompile>
    <ClCompile Include="AIPlayer.cpp">
      <Filter>GameClasses\GameLogic</Filter>
    </ClCompile>
    <ClCompile Include="Player.cpp">
      <Filter>GameClasses\GameLogic</Filter>
    </ClCompile>
    <ClCompile Include="UserPlayer.cpp">
      <Filter>GameClasses\GameLogic</Filter>
    </ClCompile>
    <ClCompile Include="GameInput.cpp">
      <Filter>GameClasses\Input</Filter>
    </ClCompile>
    <ClCompile Include="Hand.cpp">
      <Filter>GameClasses\GameLogic</Filter>
    </ClCompile>
    <ClCompile Include="PlayerVisual.cpp">
      <Filter>GameClasses\Visualization</Filter>
    </ClCompile>
    <ClCompile Include="HandVisual.cpp">
      <Filter>GameClasses\Visualization</Filter>
    </ClCompile>
    <ClCompile Include="CardVisual.cpp">
      <Filter>GameClasses\Visualization</Filter>
    </ClCompile>
    <ClCompile Include="Visualization.cpp">
      <Filter>GameClasses\Visualization</Filter>
    </ClCompile>
    <ClCompile Include="DynamicImage.cpp">
      <Filter>GameClasses\Visualization</Filter>
    </ClCompile>
    <ClCompile Include="GameBoardVisual.cpp">
      <Filter>GameClasses\Visualization</Filter>
    </ClCompile>
    <ClCompile Include="DealerVisual.cpp">
      <Filter>GameClasses\Visualization</Filter>
    </ClCompile>
    <ClCompile Include="PlayerPrompt.cpp">
      <Filter>GameClasses\Visualization</Filter>
    </ClCompile>
    <ClCompile Include="PlayerHUD.cpp">
      <Filter>GameClasses\Visualization</Filter>
    </ClCompile>
  </ItemGroup>
</Project>